// !$*UTF8*$!
{
	archiveVersion = 1;
	classes = {
	};
	objectVersion = 50;
	objects = {

/* Begin PBXBuildFile section */
		30FAF38A231A0462008F3BF3 /* main.c in Sources */ = {isa = PBXBuildFile; fileRef = 30FAF389231A0462008F3BF3 /* main.c */; };
		30FAF397231A0891008F3BF3 /* main.cpp in Sources */ = {isa = PBXBuildFile; fileRef = 30FAF396231A0891008F3BF3 /* main.cpp */; };
/* End PBXBuildFile section */

/* Begin PBXCopyFilesBuildPhase section */
		30FAF384231A0462008F3BF3 /* CopyFiles */ = {
			isa = PBXCopyFilesBuildPhase;
			buildActionMask = 2147483647;
			dstPath = /usr/share/man/man1/;
			dstSubfolderSpec = 0;
			files = (
			);
			runOnlyForDeploymentPostprocessing = 1;
		};
		30FAF392231A0891008F3BF3 /* CopyFiles */ = {
			isa = PBXCopyFilesBuildPhase;
			buildActionMask = 2147483647;
			dstPath = /usr/share/man/man1/;
			dstSubfolderSpec = 0;
			files = (
			);
			runOnlyForDeploymentPostprocessing = 1;
		};
/* End PBXCopyFilesBuildPhase section */

/* Begin PBXFileReference section */
		30FAF386231A0462008F3BF3 /* spoj_mod */ = {isa = PBXFileReference; explicitFileType = "compiled.mach-o.executable"; includeInIndex = 0; path = spoj_mod; sourceTree = BUILT_PRODUCTS_DIR; };
		30FAF389231A0462008F3BF3 /* main.c */ = {isa = PBXFileReference; lastKnownFileType = sourcecode.c.c; path = main.c; sourceTree = "<group>"; };
		30FAF394231A0891008F3BF3 /* shame */ = {isa = PBXFileReference; explicitFileType = "compiled.mach-o.executable"; includeInIndex = 0; path = shame; sourceTree = BUILT_PRODUCTS_DIR; };
		30FAF396231A0891008F3BF3 /* main.cpp */ = {isa = PBXFileReference; lastKnownFileType = sourcecode.cpp.cpp; path = main.cpp; sourceTree = "<group>"; };
/* End PBXFileReference section */

/* Begin PBXFrameworksBuildPhase section */
		30FAF383231A0462008F3BF3 /* Frameworks */ = {
			isa = PBXFrameworksBuildPhase;
			buildActionMask = 2147483647;
			files = (
			);
			runOnlyForDeploymentPostprocessing = 0;
		};
		30FAF391231A0891008F3BF3 /* Frameworks */ = {
			isa = PBXFrameworksBuildPhase;
			buildActionMask = 2147483647;
			files = (
			);
			runOnlyForDeploymentPostprocessing = 0;
		};
/* End PBXFrameworksBuildPhase section */

/* Begin PBXGroup section */
		30FAF37D231A0462008F3BF3 = {
			isa = PBXGroup;
			children = (
				30FAF388231A0462008F3BF3 /* spoj_mod */,
				30FAF395231A0891008F3BF3 /* shame */,
				30FAF387231A0462008F3BF3 /* Products */,
			);
			sourceTree = "<group>";
		};
		30FAF387231A0462008F3BF3 /* Products */ = {
			isa = PBXGroup;
			children = (
				30FAF386231A0462008F3BF3 /* spoj_mod */,
				30FAF394231A0891008F3BF3 /* shame */,
			);
			name = Products;
			sourceTree = "<group>";
		};
		30FAF388231A0462008F3BF3 /* spoj_mod */ = {
			isa = PBXGroup;
			children = (
				30FAF389231A0462008F3BF3 /* main.c */,
			);
			path = spoj_mod;
			sourceTree = "<group>";
		};
		30FAF395231A0891008F3BF3 /* shame */ = {
			isa = PBXGroup;
			children = (
				30FAF396231A0891008F3BF3 /* main.cpp */,
			);
			path = shame;
			sourceTree = "<group>";
		};
/* End PBXGroup section */

/* Begin PBXNativeTarget section */
		30FAF385231A0462008F3BF3 /* spoj_mod */ = {
			isa = PBXNativeTarget;
			buildConfigurationList = 30FAF38D231A0462008F3BF3 /* Build configuration list for PBXNativeTarget "spoj_mod" */;
			buildPhases = (
				30FAF382231A0462008F3BF3 /* Sources */,
				30FAF383231A0462008F3BF3 /* Frameworks */,
				30FAF384231A0462008F3BF3 /* CopyFiles */,
			);
			buildRules = (
			);
			dependencies = (
			);
			name = spoj_mod;
			productName = spoj_mod;
			productReference = 30FAF386231A0462008F3BF3 /* spoj_mod */;
			productType = "com.apple.product-type.tool";
		};
		30FAF393231A0891008F3BF3 /* shame */ = {
			isa = PBXNativeTarget;
			buildConfigurationList = 30FAF398231A0891008F3BF3 /* Build configuration list for PBXNativeTarget "shame" */;
			buildPhases = (
				30FAF390231A0891008F3BF3 /* Sources */,
				30FAF391231A0891008F3BF3 /* Frameworks */,
				30FAF392231A0891008F3BF3 /* CopyFiles */,
			);
			buildRules = (
			);
			dependencies = (
			);
			name = shame;
			productName = shame;
			productReference = 30FAF394231A0891008F3BF3 /* shame */;
			productType = "com.apple.product-type.tool";
		};
/* End PBXNativeTarget section */

/* Begin PBXProject section */
		30FAF37E231A0462008F3BF3 /* Project object */ = {
			isa = PBXProject;
			attributes = {
				LastUpgradeCheck = 0940;
				ORGANIZATIONNAME = "ernesto alvarado";
				TargetAttributes = {
					30FAF385231A0462008F3BF3 = {
						CreatedOnToolsVersion = 9.4.1;
					};
					30FAF393231A0891008F3BF3 = {
						CreatedOnToolsVersion = 9.4.1;
					};
				};
			};
			buildConfigurationList = 30FAF381231A0462008F3BF3 /* Build configuration list for PBXProject "spoj_mod" */;
			compatibilityVersion = "Xcode 9.3";
			developmentRegion = en;
			hasScannedForEncodings = 0;
			knownRegions = (
				en,
			);
			mainGroup = 30FAF37D231A0462008F3BF3;
			productRefGroup = 30FAF387231A0462008F3BF3 /* Products */;
			projectDirPath = "";
			projectRoot = "";
			targets = (
				30FAF385231A0462008F3BF3 /* spoj_mod */,
				30FAF393231A0891008F3BF3 /* shame */,
			);
		};
/* End PBXProject section */

/* Begin PBXSourcesBuildPhase section */
		30FAF382231A0462008F3BF3 /* Sources */ = {
			isa = PBXSourcesBuildPhase;
			buildActionMask = 2147483647;
			files = (
				30FAF38A231A0462008F3BF3 /* main.c in Sources */,
			);
			runOnlyForDeploymentPostprocessing = 0;
		};
		30FAF390231A0891008F3BF3 /* Sources */ = {
			isa = PBXSourcesBuildPhase;
			buildActionMask = 2147483647;
			files = (
				30FAF397231A0891008F3BF3 /* main.cpp in Sources */,
			);
			runOnlyForDeploymentPostprocessing = 0;
		};
/* End PBXSourcesBuildPhase section */

/* Begin XCBuildConfiguration section */
		30FAF38B231A0462008F3BF3 /* Debug */ = {
			isa = XCBuildConfiguration;
			buildSettings = {
				ALWAYS_SEARCH_USER_PATHS = NO;
				CLANG_ANALYZER_NONNULL = YES;
				CLANG_ANALYZER_NUMBER_OBJECT_CONVERSION = YES_AGGRESSIVE;
				CLANG_CXX_LANGUAGE_STANDARD = "gnu++14";
				CLANG_CXX_LIBRARY = "libc++";
				CLANG_ENABLE_MODULES = YES;
				CLANG_ENABLE_OBJC_ARC = YES;
				CLANG_ENABLE_OBJC_WEAK = YES;
				CLANG_WARN_BLOCK_CAPTURE_AUTORELEASING = YES;
				CLANG_WARN_BOOL_CONVERSION = YES;
				CLANG_WARN_COMMA = YES;
				CLANG_WARN_CONSTANT_CONVERSION = YES;
				CLANG_WARN_DEPRECATED_OBJC_IMPLEMENTATIONS = YES;
				CLANG_WARN_DIRECT_OBJC_ISA_USAGE = YES_ERROR;
				CLANG_WARN_DOCUMENTATION_COMMENTS = YES;
				CLANG_WARN_EMPTY_BODY = YES;
				CLANG_WARN_ENUM_CONVERSION = YES;
				CLANG_WARN_INFINITE_RECURSION = YES;
				CLANG_WARN_INT_CONVERSION = YES;
				CLANG_WARN_NON_LITERAL_NULL_CONVERSION = YES;
				CLANG_WARN_OBJC_IMPLICIT_RETAIN_SELF = YES;
				CLANG_WARN_OBJC_LITERAL_CONVERSION = YES;
				CLANG_WARN_OBJC_ROOT_CLASS = YES_ERROR;
				CLANG_WARN_RANGE_LOOP_ANALYSIS = YES;
				CLANG_WARN_STRICT_PROTOTYPES = YES;
				CLANG_WARN_SUSPICIOUS_MOVE = YES;
				CLANG_WARN_UNGUARDED_AVAILABILITY = YES_AGGRESSIVE;
				CLANG_WARN_UNREACHABLE_CODE = YES;
				CLANG_WARN__DUPLICATE_METHOD_MATCH = YES;
				CODE_SIGN_IDENTITY = "-";
				COPY_PHASE_STRIP = NO;
				DEBUG_INFORMATION_FORMAT = dwarf;
				ENABLE_STRICT_OBJC_MSGSEND = YES;
				ENABLE_TESTABILITY = YES;
				GCC_C_LANGUAGE_STANDARD = gnu11;
				GCC_DYNAMIC_NO_PIC = NO;
				GCC_NO_COMMON_BLOCKS = YES;
				GCC_OPTIMIZATION_LEVEL = 0;
				GCC_PREPROCESSOR_DEFINITIONS = (
					"DEBUG=1",
					"$(inherited)",
				);
				GCC_WARN_64_TO_32_BIT_CONVERSION = YES;
				GCC_WARN_ABOUT_RETURN_TYPE = YES_ERROR;
				GCC_WARN_UNDECLARED_SELECTOR = YES;
				GCC_WARN_UNINITIALIZED_AUTOS = YES_AGGRESSIVE;
				GCC_WARN_UNUSED_FUNCTION = YES;
				GCC_WARN_UNUSED_VARIABLE = YES;
				MACOSX_DEPLOYMENT_TARGET = 10.13;
				MTL_ENABLE_DEBUG_INFO = YES;
				ONLY_ACTIVE_ARCH = YES;
				SDKROOT = macosx;
			};
			name = Debug;
		};
		30FAF38C231A0462008F3BF3 /* Release */ = {
			isa = XCBuildConfiguration;
			buildSettings = {
				ALWAYS_SEARCH_USER_PATHS = NO;
				CLANG_ANALYZER_NONNULL = YES;
				CLANG_ANALYZER_NUMBER_OBJECT_CONVERSION = YES_AGGRESSIVE;
				CLANG_CXX_LANGUAGE_STANDARD = "gnu++14";
				CLANG_CXX_LIBRARY = "libc++";
				CLANG_ENABLE_MODULES = YES;
				CLANG_ENABLE_OBJC_ARC = YES;
				CLANG_ENABLE_OBJC_WEAK = YES;
				CLANG_WARN_BLOCK_CAPTURE_AUTORELEASING = YES;
				CLANG_WARN_BOOL_CONVERSION = YES;
				CLANG_WARN_COMMA = YES;
				CLANG_WARN_CONSTANT_CONVERSION = YES;
				CLANG_WARN_DEPRECATED_OBJC_IMPLEMENTATIONS = YES;
				CLANG_WARN_DIRECT_OBJC_ISA_USAGE = YES_ERROR;
				CLANG_WARN_DOCUMENTATION_COMMENTS = YES;
				CLANG_WARN_EMPTY_BODY = YES;
				CLANG_WARN_ENUM_CONVERSION = YES;
				CLANG_WARN_INFINITE_RECURSION = YES;
				CLANG_WARN_INT_CONVERSION = YES;
				CLANG_WARN_NON_LITERAL_NULL_CONVERSION = YES;
				CLANG_WARN_OBJC_IMPLICIT_RETAIN_SELF = YES;
				CLANG_WARN_OBJC_LITERAL_CONVERSION = YES;
				CLANG_WARN_OBJC_ROOT_CLASS = YES_ERROR;
				CLANG_WARN_RANGE_LOOP_ANALYSIS = YES;
				CLANG_WARN_STRICT_PROTOTYPES = YES;
				CLANG_WARN_SUSPICIOUS_MOVE = YES;
				CLANG_WARN_UNGUARDED_AVAILABILITY = YES_AGGRESSIVE;
				CLANG_WARN_UNREACHABLE_CODE = YES;
				CLANG_WARN__DUPLICATE_METHOD_MATCH = YES;
				CODE_SIGN_IDENTITY = "-";
				COPY_PHASE_STRIP = NO;
				DEBUG_INFORMATION_FORMAT = "dwarf-with-dsym";
				ENABLE_NS_ASSERTIONS = NO;
				ENABLE_STRICT_OBJC_MSGSEND = YES;
				GCC_C_LANGUAGE_STANDARD = gnu11;
				GCC_NO_COMMON_BLOCKS = YES;
				GCC_WARN_64_TO_32_BIT_CONVERSION = YES;
				GCC_WARN_ABOUT_RETURN_TYPE = YES_ERROR;
				GCC_WARN_UNDECLARED_SELECTOR = YES;
				GCC_WARN_UNINITIALIZED_AUTOS = YES_AGGRESSIVE;
				GCC_WARN_UNUSED_FUNCTION = YES;
				GCC_WARN_UNUSED_VARIABLE = YES;
				MACOSX_DEPLOYMENT_TARGET = 10.13;
				MTL_ENABLE_DEBUG_INFO = NO;
				SDKROOT = macosx;
			};
			name = Release;
		};
		30FAF38E231A0462008F3BF3 /* Debug */ = {
			isa = XCBuildConfiguration;
			buildSettings = {
				CODE_SIGN_STYLE = Automatic;
				PRODUCT_NAME = "$(TARGET_NAME)";
			};
			name = Debug;
		};
		30FAF38F231A0462008F3BF3 /* Release */ = {
			isa = XCBuildConfiguration;
			buildSettings = {
				CODE_SIGN_STYLE = Automatic;
				PRODUCT_NAME = "$(TARGET_NAME)";
			};
			name = Release;
		};
		30FAF399231A0891008F3BF3 /* Debug */ = {
			isa = XCBuildConfiguration;
			buildSettings = {
				CODE_SIGN_STYLE = Automatic;
				PRODUCT_NAME = "$(TARGET_NAME)";
			};
			name = Debug;
		};
		30FAF39A231A0891008F3BF3 /* Release */ = {
			isa = XCBuildConfiguration;
			buildSettings = {
				CODE_SIGN_STYLE = Automatic;
				PRODUCT_NAME = "$(TARGET_NAME)";
			};
			name = Release;
		};
/* End XCBuildConfiguration section */

/* Begin XCConfigurationList section */
		30FAF381231A0462008F3BF3 /* Build configuration list for PBXProject "spoj_mod" */ = {
			isa = XCConfigurationList;
			buildConfigurations = (
				30FAF38B231A0462008F3BF3 /* Debug */,
				30FAF38C231A0462008F3BF3 /* Release */,
			);
			defaultConfigurationIsVisible = 0;
			defaultConfigurationName = Release;
		};
		30FAF38D231A0462008F3BF3 /* Build configuration list for PBXNativeTarget "spoj_mod" */ = {
			isa = XCConfigurationList;
			buildConfigurations = (
				30FAF38E231A0462008F3BF3 /* Debug */,
				30FAF38F231A0462008F3BF3 /* Release */,
			);
			defaultConfigurationIsVisible = 0;
			defaultConfigurationName = Release;
		};
		30FAF398231A0891008F3BF3 /* Build configuration list for PBXNativeTarget "shame" */ = {
			isa = XCConfigurationList;
			buildConfigurations = (
				30FAF399231A0891008F3BF3 /* Debug */,
				30FAF39A231A0891008F3BF3 /* Release */,
			);
			defaultConfigurationIsVisible = 0;
			defaultConfigurationName = Release;
		};
/* End XCConfigurationList section */
	};
	rootObject = 30FAF37E231A0462008F3BF3 /* Project object */;
}
